
Microsoft Visual Studio Solution File, Format Version 12.00
# Visual Studio 14
VisualStudioVersion = 14.0.25420.1
MinimumVisualStudioVersion = 10.0.40219.1
Project("{2150E333-8FDC-42A3-9474-1A3956D46DE8}") = "Solution Items", "Solution Items", "{39BEEFD1-EABB-4E09-813E-2FB3F8C46F5C}"
	ProjectSection(SolutionItems) = preProject
		LICENSE = LICENSE
	EndProjectSection
EndProject
Project("{2150E333-8FDC-42A3-9474-1A3956D46DE8}") = "Examples", "Examples", "{DE2EE164-CAE2-4645-9D1B-9D0DDE2E5009}"
EndProject
Project("{2150E333-8FDC-42A3-9474-1A3956D46DE8}") = "Chat", "Chat", "{8D35CC6C-6B60-4E2A-A26B-F5B89C371B5C}"
EndProject
Project("{FAE04EC0-301F-11D3-BF4B-00C04F79EFBC}") = "ChatClient", "Examples\ChatClient\ChatClient.csproj", "{003491C1-87A5-4D4F-9228-ABDE18570085}"
EndProject
Project("{FAE04EC0-301F-11D3-BF4B-00C04F79EFBC}") = "ChatServer", "Examples\ChatServer\ChatServer.csproj", "{237784B6-1522-48F0-8623-A43B573F25B4}"
EndProject
Project("{2150E333-8FDC-42A3-9474-1A3956D46DE8}") = "LikeFTP", "LikeFTP", "{CA31A8A2-A43E-4681-979C-88C9D9FC11C8}"
EndProject
Project("{FAE04EC0-301F-11D3-BF4B-00C04F79EFBC}") = "SomeFTPlikeClient_Example", "Examples\LikeFTPClient\SomeFTPlikeClient_Example.csproj", "{A2AA9870-F8D7-424A-8F28-A1978B0A1C05}"
EndProject
Project("{FAE04EC0-301F-11D3-BF4B-00C04F79EFBC}") = "TheTunnel", "TheNetTunnel\TheTunnel.csproj", "{9FFEC001-2177-4EA1-A2B5-6D50A7436AE5}"
EndProject
Project("{FAE04EC0-301F-11D3-BF4B-00C04F79EFBC}") = "Testing", "Testing\Testing.csproj", "{50A5DF27-CCF2-4D72-B65C-85AAA6647511}"
EndProject
Project("{2150E333-8FDC-42A3-9474-1A3956D46DE8}") = "PingPong", "PingPong", "{A734747F-9B19-4146-AA49-42B7F56B645F}"
EndProject
Project("{FAE04EC0-301F-11D3-BF4B-00C04F79EFBC}") = "Client", "Client\Client.csproj", "{E63C7F34-0B6C-469A-BB28-09C2CB32762D}"
EndProject
Project("{FAE04EC0-301F-11D3-BF4B-00C04F79EFBC}") = "ServerPong", "ServerPong\ServerPong.csproj", "{E5850DC9-AFAA-40BA-B4ED-DFD144EBC091}"
EndProject
Project("{FAE04EC0-301F-11D3-BF4B-00C04F79EFBC}") = "EmitExperiments", "EmitExperiments\EmitExperiments.csproj", "{7018F7C0-71BA-4D28-B4F1-3B3AE714AAF0}"
EndProject
Global
	GlobalSection(SolutionConfigurationPlatforms) = preSolution
		Debug|Any CPU = Debug|Any CPU
		Debug|Mixed Platforms = Debug|Mixed Platforms
		Debug|x86 = Debug|x86
		Release|Any CPU = Release|Any CPU
		Release|Mixed Platforms = Release|Mixed Platforms
		Release|x86 = Release|x86
	EndGlobalSection
	GlobalSection(ProjectConfigurationPlatforms) = postSolution
		{003491C1-87A5-4D4F-9228-ABDE18570085}.Debug|Any CPU.ActiveCfg = Debug|x86
		{003491C1-87A5-4D4F-9228-ABDE18570085}.Debug|Mixed Platforms.ActiveCfg = Debug|x86
		{003491C1-87A5-4D4F-9228-ABDE18570085}.Debug|Mixed Platforms.Build.0 = Debug|x86
		{003491C1-87A5-4D4F-9228-ABDE18570085}.Debug|x86.ActiveCfg = Debug|x86
		{003491C1-87A5-4D4F-9228-ABDE18570085}.Debug|x86.Build.0 = Debug|x86
		{003491C1-87A5-4D4F-9228-ABDE18570085}.Release|Any CPU.ActiveCfg = Release|x86
		{003491C1-87A5-4D4F-9228-ABDE18570085}.Release|Mixed Platforms.ActiveCfg = Release|x86
		{003491C1-87A5-4D4F-9228-ABDE18570085}.Release|Mixed Platforms.Build.0 = Release|x86
		{003491C1-87A5-4D4F-9228-ABDE18570085}.Release|x86.ActiveCfg = Release|x86
		{003491C1-87A5-4D4F-9228-ABDE18570085}.Release|x86.Build.0 = Release|x86
		{237784B6-1522-48F0-8623-A43B573F25B4}.Debug|Any CPU.ActiveCfg = Debug|x86
		{237784B6-1522-48F0-8623-A43B573F25B4}.Debug|Mixed Platforms.ActiveCfg = Debug|x86
		{237784B6-1522-48F0-8623-A43B573F25B4}.Debug|Mixed Platforms.Build.0 = Debug|x86
		{237784B6-1522-48F0-8623-A43B573F25B4}.Debug|x86.ActiveCfg = Debug|x86
		{237784B6-1522-48F0-8623-A43B573F25B4}.Debug|x86.Build.0 = Debug|x86
		{237784B6-1522-48F0-8623-A43B573F25B4}.Release|Any CPU.ActiveCfg = Release|x86
		{237784B6-1522-48F0-8623-A43B573F25B4}.Release|Mixed Platforms.ActiveCfg = Release|x86
		{237784B6-1522-48F0-8623-A43B573F25B4}.Release|Mixed Platforms.Build.0 = Release|x86
		{237784B6-1522-48F0-8623-A43B573F25B4}.Release|x86.ActiveCfg = Release|x86
		{237784B6-1522-48F0-8623-A43B573F25B4}.Release|x86.Build.0 = Release|x86
		{A2AA9870-F8D7-424A-8F28-A1978B0A1C05}.Debug|Any CPU.ActiveCfg = Debug|x86
		{A2AA9870-F8D7-424A-8F28-A1978B0A1C05}.Debug|Mixed Platforms.ActiveCfg = Debug|x86
		{A2AA9870-F8D7-424A-8F28-A1978B0A1C05}.Debug|Mixed Platforms.Build.0 = Debug|x86
		{A2AA9870-F8D7-424A-8F28-A1978B0A1C05}.Debug|x86.ActiveCfg = Debug|x86
		{A2AA9870-F8D7-424A-8F28-A1978B0A1C05}.Debug|x86.Build.0 = Debug|x86
		{A2AA9870-F8D7-424A-8F28-A1978B0A1C05}.Release|Any CPU.ActiveCfg = Release|x86
		{A2AA9870-F8D7-424A-8F28-A1978B0A1C05}.Release|Mixed Platforms.ActiveCfg = Release|x86
		{A2AA9870-F8D7-424A-8F28-A1978B0A1C05}.Release|Mixed Platforms.Build.0 = Release|x86
		{A2AA9870-F8D7-424A-8F28-A1978B0A1C05}.Release|x86.ActiveCfg = Release|x86
		{A2AA9870-F8D7-424A-8F28-A1978B0A1C05}.Release|x86.Build.0 = Release|x86
		{9FFEC001-2177-4EA1-A2B5-6D50A7436AE5}.Debug|Any CPU.ActiveCfg = Debug|Any CPU
		{9FFEC001-2177-4EA1-A2B5-6D50A7436AE5}.Debug|Any CPU.Build.0 = Debug|Any CPU
		{9FFEC001-2177-4EA1-A2B5-6D50A7436AE5}.Debug|Mixed Platforms.ActiveCfg = Debug|Any CPU
		{9FFEC001-2177-4EA1-A2B5-6D50A7436AE5}.Debug|Mixed Platforms.Build.0 = Debug|Any CPU
		{9FFEC001-2177-4EA1-A2B5-6D50A7436AE5}.Debug|x86.ActiveCfg = Debug|Any CPU
		{9FFEC001-2177-4EA1-A2B5-6D50A7436AE5}.Debug|x86.Build.0 = Debug|Any CPU
		{9FFEC001-2177-4EA1-A2B5-6D50A7436AE5}.Release|Any CPU.ActiveCfg = Release|Any CPU
		{9FFEC001-2177-4EA1-A2B5-6D50A7436AE5}.Release|Any CPU.Build.0 = Release|Any CPU
		{9FFEC001-2177-4EA1-A2B5-6D50A7436AE5}.Release|Mixed Platforms.ActiveCfg = Release|Any CPU
		{9FFEC001-2177-4EA1-A2B5-6D50A7436AE5}.Release|Mixed Platforms.Build.0 = Release|Any CPU
		{9FFEC001-2177-4EA1-A2B5-6D50A7436AE5}.Release|x86.ActiveCfg = Release|Any CPU
		{9FFEC001-2177-4EA1-A2B5-6D50A7436AE5}.Release|x86.Build.0 = Release|Any CPU
		{50A5DF27-CCF2-4D72-B65C-85AAA6647511}.Debug|Any CPU.ActiveCfg = Debug|x86
		{50A5DF27-CCF2-4D72-B65C-85AAA6647511}.Debug|Mixed Platforms.ActiveCfg = Debug|x86
		{50A5DF27-CCF2-4D72-B65C-85AAA6647511}.Debug|Mixed Platforms.Build.0 = Debug|x86
		{50A5DF27-CCF2-4D72-B65C-85AAA6647511}.Debug|x86.ActiveCfg = Debug|x86
		{50A5DF27-CCF2-4D72-B65C-85AAA6647511}.Debug|x86.Build.0 = Debug|x86
		{50A5DF27-CCF2-4D72-B65C-85AAA6647511}.Release|Any CPU.ActiveCfg = Release|x86
		{50A5DF27-CCF2-4D72-B65C-85AAA6647511}.Release|Mixed Platforms.ActiveCfg = Release|x86
		{50A5DF27-CCF2-4D72-B65C-85AAA6647511}.Release|Mixed Platforms.Build.0 = Release|x86
		{50A5DF27-CCF2-4D72-B65C-85AAA6647511}.Release|x86.ActiveCfg = Release|x86
		{50A5DF27-CCF2-4D72-B65C-85AAA6647511}.Release|x86.Build.0 = Release|x86
		{E63C7F34-0B6C-469A-BB28-09C2CB32762D}.Debug|Any CPU.ActiveCfg = Debug|Any CPU
		{E63C7F34-0B6C-469A-BB28-09C2CB32762D}.Debug|Any CPU.Build.0 = Debug|Any CPU
		{E63C7F34-0B6C-469A-BB28-09C2CB32762D}.Debug|Mixed Platforms.ActiveCfg = Debug|Any CPU
		{E63C7F34-0B6C-469A-BB28-09C2CB32762D}.Debug|Mixed Platforms.Build.0 = Debug|Any CPU
		{E63C7F34-0B6C-469A-BB28-09C2CB32762D}.Debug|x86.ActiveCfg = Debug|Any CPU
		{E63C7F34-0B6C-469A-BB28-09C2CB32762D}.Release|Any CPU.ActiveCfg = Release|Any CPU
		{E63C7F34-0B6C-469A-BB28-09C2CB32762D}.Release|Any CPU.Build.0 = Release|Any CPU
		{E63C7F34-0B6C-469A-BB28-09C2CB32762D}.Release|Mixed Platforms.ActiveCfg = Release|Any CPU
		{E63C7F34-0B6C-469A-BB28-09C2CB32762D}.Release|Mixed Platforms.Build.0 = Release|Any CPU
		{E63C7F34-0B6C-469A-BB28-09C2CB32762D}.Release|x86.ActiveCfg = Release|Any CPU
		{E5850DC9-AFAA-40BA-B4ED-DFD144EBC091}.Debug|Any CPU.ActiveCfg = Debug|Any CPU
		{E5850DC9-AFAA-40BA-B4ED-DFD144EBC091}.Debug|Any CPU.Build.0 = Debug|Any CPU
		{E5850DC9-AFAA-40BA-B4ED-DFD144EBC091}.Debug|Mixed Platforms.ActiveCfg = Debug|Any CPU
		{E5850DC9-AFAA-40BA-B4ED-DFD144EBC091}.Debug|Mixed Platforms.Build.0 = Debug|Any CPU
		{E5850DC9-AFAA-40BA-B4ED-DFD144EBC091}.Debug|x86.ActiveCfg = Debug|Any CPU
		{E5850DC9-AFAA-40BA-B4ED-DFD144EBC091}.Release|Any CPU.ActiveCfg = Release|Any CPU
		{E5850DC9-AFAA-40BA-B4ED-DFD144EBC091}.Release|Any CPU.Build.0 = Release|Any CPU
		{E5850DC9-AFAA-40BA-B4ED-DFD144EBC091}.Release|Mixed Platforms.ActiveCfg = Release|Any CPU
		{E5850DC9-AFAA-40BA-B4ED-DFD144EBC091}.Release|Mixed Platforms.Build.0 = Release|Any CPU
		{E5850DC9-AFAA-40BA-B4ED-DFD144EBC091}.Release|x86.ActiveCfg = Release|Any CPU
		{7018F7C0-71BA-4D28-B4F1-3B3AE714AAF0}.Debug|Any CPU.ActiveCfg = Debug|Any CPU
		{7018F7C0-71BA-4D28-B4F1-3B3AE714AAF0}.Debug|Any CPU.Build.0 = Debug|Any CPU
		{7018F7C0-71BA-4D28-B4F1-3B3AE714AAF0}.Debug|Mixed Platforms.ActiveCfg = Debug|Any CPU
		{7018F7C0-71BA-4D28-B4F1-3B3AE714AAF0}.Debug|Mixed Platforms.Build.0 = Debug|Any CPU
		{7018F7C0-71BA-4D28-B4F1-3B3AE714AAF0}.Debug|x86.ActiveCfg = Debug|Any CPU
		{7018F7C0-71BA-4D28-B4F1-3B3AE714AAF0}.Debug|x86.Build.0 = Debug|Any CPU
		{7018F7C0-71BA-4D28-B4F1-3B3AE714AAF0}.Release|Any CPU.ActiveCfg = Release|Any CPU
		{7018F7C0-71BA-4D28-B4F1-3B3AE714AAF0}.Release|Any CPU.Build.0 = Release|Any CPU
		{7018F7C0-71BA-4D28-B4F1-3B3AE714AAF0}.Release|Mixed Platforms.ActiveCfg = Release|Any CPU
		{7018F7C0-71BA-4D28-B4F1-3B3AE714AAF0}.Release|Mixed Platforms.Build.0 = Release|Any CPU
		{7018F7C0-71BA-4D28-B4F1-3B3AE714AAF0}.Release|x86.ActiveCfg = Release|Any CPU
		{7018F7C0-71BA-4D28-B4F1-3B3AE714AAF0}.Release|x86.Build.0 = Release|Any CPU
	EndGlobalSection
	GlobalSection(SolutionProperties) = preSolution
		HideSolutionNode = FALSE
	EndGlobalSection
	GlobalSection(NestedProjects) = preSolution
		{8D35CC6C-6B60-4E2A-A26B-F5B89C371B5C} = {DE2EE164-CAE2-4645-9D1B-9D0DDE2E5009}
		{003491C1-87A5-4D4F-9228-ABDE18570085} = {8D35CC6C-6B60-4E2A-A26B-F5B89C371B5C}
		{237784B6-1522-48F0-8623-A43B573F25B4} = {8D35CC6C-6B60-4E2A-A26B-F5B89C371B5C}
		{CA31A8A2-A43E-4681-979C-88C9D9FC11C8} = {DE2EE164-CAE2-4645-9D1B-9D0DDE2E5009}
		{A2AA9870-F8D7-424A-8F28-A1978B0A1C05} = {CA31A8A2-A43E-4681-979C-88C9D9FC11C8}
		{A734747F-9B19-4146-AA49-42B7F56B645F} = {DE2EE164-CAE2-4645-9D1B-9D0DDE2E5009}
		{E63C7F34-0B6C-469A-BB28-09C2CB32762D} = {A734747F-9B19-4146-AA49-42B7F56B645F}
		{E5850DC9-AFAA-40BA-B4ED-DFD144EBC091} = {A734747F-9B19-4146-AA49-42B7F56B645F}
	EndGlobalSection
	GlobalSection(MonoDevelopProperties) = preSolution
		Policies = $0
		$0.VersionControlPolicy = $1
		$1.inheritsSet = Mono
		$0.DotNetNamingPolicy = $2
		$2.DirectoryNamespaceAssociation = None
		$2.ResourceNamePolicy = FileFormatDefault
		$0.StandardHeader = $3
		$3.Text = 
		$3.IncludeInNewFiles = True
		$0.NameConventionPolicy = $4
		$4.Rules = $5
		$5.NamingRule = $25
		$6.Name = Namespaces
		$6.AffectedEntity = Namespace
		$6.VisibilityMask = VisibilityMask
		$6.NamingStyle = PascalCase
		$6.IncludeInstanceMembers = True
		$6.IncludeStaticEntities = True
		$7.Name = Types
		$7.AffectedEntity = Class, Struct, Enum, Delegate
		$7.VisibilityMask = Public
		$7.NamingStyle = PascalCase
		$7.IncludeInstanceMembers = True
		$7.IncludeStaticEntities = True
		$8.Name = Interfaces
		$8.RequiredPrefixes = $9
		$9.String = I
		$8.AffectedEntity = Interface
		$8.VisibilityMask = Public
		$8.NamingStyle = PascalCase
		$8.IncludeInstanceMembers = True
		$8.IncludeStaticEntities = True
		$10.Name = Attributes
		$10.RequiredSuffixes = $11
		$11.String = Attribute
		$10.AffectedEntity = CustomAttributes
		$10.VisibilityMask = Public
		$10.NamingStyle = PascalCase
		$10.IncludeInstanceMembers = True
		$10.IncludeStaticEntities = True
		$12.Name = Event Arguments
		$12.RequiredSuffixes = $13
		$13.String = EventArgs
		$12.AffectedEntity = CustomEventArgs
		$12.VisibilityMask = Public
		$12.NamingStyle = PascalCase
		$12.IncludeInstanceMembers = True
		$12.IncludeStaticEntities = True
		$14.Name = Exceptions
		$14.RequiredSuffixes = $15
		$15.String = Exception
		$14.AffectedEntity = CustomExceptions
		$14.VisibilityMask = VisibilityMask
		$14.NamingStyle = PascalCase
		$14.IncludeInstanceMembers = True
		$14.IncludeStaticEntities = True
		$16.Name = Methods
		$16.AffectedEntity = Methods
		$16.VisibilityMask = Protected, Public
		$16.NamingStyle = PascalCase
		$16.IncludeInstanceMembers = True
		$16.IncludeStaticEntities = True
		$17.Name = Static Readonly Fields
		$17.AffectedEntity = ReadonlyField
		$17.VisibilityMask = Protected, Public
		$17.NamingStyle = PascalCase
		$17.IncludeInstanceMembers = False
		$17.IncludeStaticEntities = True
		$18.Name = Fields
		$18.AffectedEntity = Field
		$18.VisibilityMask = Protected, Public
		$18.NamingStyle = PascalCase
		$18.IncludeInstanceMembers = True
		$18.IncludeStaticEntities = True
		$19.Name = ReadOnly Fields
		$19.AffectedEntity = ReadonlyField
		$19.VisibilityMask = Protected, Public
		$19.NamingStyle = PascalCase
		$19.IncludeInstanceMembers = True
		$19.IncludeStaticEntities = False
		$20.Name = Constant Fields
		$20.AffectedEntity = ConstantField
		$20.VisibilityMask = Protected, Public
		$20.NamingStyle = PascalCase
		$20.IncludeInstanceMembers = True
		$20.IncludeStaticEntities = True
		$21.Name = Properties
		$21.AffectedEntity = Property
		$21.VisibilityMask = Protected, Public
		$21.NamingStyle = PascalCase
		$21.IncludeInstanceMembers = True
		$21.IncludeStaticEntities = True
		$22.Name = Events
		$22.AffectedEntity = Event
		$22.VisibilityMask = Protected, Public
		$22.NamingStyle = PascalCase
		$22.IncludeInstanceMembers = True
		$22.IncludeStaticEntities = True
		$23.Name = Enum Members
		$23.AffectedEntity = EnumMember
		$23.VisibilityMask = VisibilityMask
		$23.NamingStyle = PascalCase
		$23.IncludeInstanceMembers = True
		$23.IncludeStaticEntities = True
		$24.Name = Parameters
		$24.AffectedEntity = Parameter
		$24.VisibilityMask = VisibilityMask
		$24.NamingStyle = CamelCase
		$24.IncludeInstanceMembers = True
		$24.IncludeStaticEntities = True
		$25.Name = Type Parameters
		$25.RequiredPrefixes = $26
		$26.String = T
		$25.AffectedEntity = TypeParameter
		$25.VisibilityMask = VisibilityMask
		$25.NamingStyle = PascalCase
		$25.IncludeInstanceMembers = True
		$25.IncludeStaticEntities = True
		version = 0.2
	EndGlobalSection
EndGlobal
