
Microsoft Visual Studio Solution File, Format Version 12.00
# Visual Studio 15
VisualStudioVersion = 15.0.26403.7
MinimumVisualStudioVersion = 10.0.40219.1
Project("{9A19103F-16F7-4668-BE54-9A1E7A4F7556}") = "TNT.Core", "src\TNT.Core\TNT.Core.csproj", "{E4B6F70A-4A62-403F-BC5B-0B7C54F66C63}"
EndProject
Project("{2150E333-8FDC-42A3-9474-1A3956D46DE8}") = "Tests", "Tests", "{D3CE03FA-4AD7-48CC-9DEC-5FB7B2988F39}"
EndProject
Project("{9A19103F-16F7-4668-BE54-9A1E7A4F7556}") = "TNT.Core.Tests", "tests\TNT.Core.Tests\TNT.Core.Tests.csproj", "{82F0F293-E2FB-47BC-9F3A-DE638399B8FF}"
EndProject
Project("{2150E333-8FDC-42A3-9474-1A3956D46DE8}") = "Examples", "Examples", "{4B0B8D2B-3E76-48DD-B519-D8FF94129342}"
EndProject
Project("{2150E333-8FDC-42A3-9474-1A3956D46DE8}") = "Core", "Core", "{55BE67C7-E649-47A0-ABE5-ABC4B89A5390}"
EndProject
Project("{9A19103F-16F7-4668-BE54-9A1E7A4F7556}") = "CommonTestTools", "tests\CommonTestTools\CommonTestTools.csproj", "{7351BA01-1401-4EFC-89CA-9222F9BAB07B}"
EndProject
Project("{9A19103F-16F7-4668-BE54-9A1E7A4F7556}") = "TNT.LocalSpeedTest", "tests\TNT.LocalSpeedTest\TNT.LocalSpeedTest.csproj", "{5BD13399-5DF8-4C66-B411-F7726BEB9F3F}"
EndProject
Project("{9A19103F-16F7-4668-BE54-9A1E7A4F7556}") = "TNT.SpeedTest", "tests\TNT.SpeedTest\TNT.SpeedTest.csproj", "{3254C3DF-C4CC-467B-84CE-468D92188F9A}"
EndProject
Project("{9A19103F-16F7-4668-BE54-9A1E7A4F7556}") = "EX_1", "examples\EX_1\EX_1.csproj", "{831A6D73-67B8-4357-BDDE-61401BC1E4AA}"
EndProject
Project("{9A19103F-16F7-4668-BE54-9A1E7A4F7556}") = "TNT.SpeedTest.Server", "tests\TNT.SpeedTest.Server\TNT.SpeedTest.Server.csproj", "{D0443200-6B65-4877-A92E-FBB6FB73D3CD}"
EndProject
Project("{2150E333-8FDC-42A3-9474-1A3956D46DE8}") = "Speed", "Speed", "{A2503DD7-E1B2-4322-A575-54EBEACA40C4}"
EndProject
Project("{9A19103F-16F7-4668-BE54-9A1E7A4F7556}") = "TNT.SpeedTest.TestClient", "tests\TNT.SpeedTest.TestClient\TNT.SpeedTest.TestClient.csproj", "{F166BE60-55C4-472D-9E38-6D639EAEB09A}"
EndProject
Project("{9A19103F-16F7-4668-BE54-9A1E7A4F7556}") = "EX_2", "examples\EX_2\EX_2.csproj", "{2CC149D6-795A-4517-941B-F6A5271A58C7}"
EndProject
Project("{2150E333-8FDC-42A3-9474-1A3956D46DE8}") = "Unit", "Unit", "{8F294C53-FF28-4D8E-98E3-03C97957578C}"
EndProject
Project("{2150E333-8FDC-42A3-9474-1A3956D46DE8}") = "Integration", "Integration", "{CD4D5CBC-D5A2-40F3-B4B0-8B5D0FDE5698}"
EndProject
Project("{9A19103F-16F7-4668-BE54-9A1E7A4F7556}") = "TNT.Integration.Tests", "tests\TNT.Intergration.Tests\TNT.Integration.Tests.csproj", "{5495B956-74BE-400A-B910-5865D04A661F}"
EndProject
Project("{9A19103F-16F7-4668-BE54-9A1E7A4F7556}") = "TNT.Integration.LongTests", "tests\TNT.Integration.LongTests\TNT.Integration.LongTests.csproj", "{48CD0576-4D13-4309-A37B-B501CEDB2769}"
EndProject
Project("{2150E333-8FDC-42A3-9474-1A3956D46DE8}") = ".build", ".build", "{C16430AC-87F8-428B-820F-D8C85D78B1AD}"
EndProject
Global
	GlobalSection(SolutionConfigurationPlatforms) = preSolution
		Debug|Any CPU = Debug|Any CPU
		Release|Any CPU = Release|Any CPU
	EndGlobalSection
	GlobalSection(ProjectConfigurationPlatforms) = postSolution
		{E4B6F70A-4A62-403F-BC5B-0B7C54F66C63}.Debug|Any CPU.ActiveCfg = Debug|Any CPU
		{E4B6F70A-4A62-403F-BC5B-0B7C54F66C63}.Debug|Any CPU.Build.0 = Debug|Any CPU
		{E4B6F70A-4A62-403F-BC5B-0B7C54F66C63}.Release|Any CPU.ActiveCfg = Release|Any CPU
		{E4B6F70A-4A62-403F-BC5B-0B7C54F66C63}.Release|Any CPU.Build.0 = Release|Any CPU
		{82F0F293-E2FB-47BC-9F3A-DE638399B8FF}.Debug|Any CPU.ActiveCfg = Debug|Any CPU
		{82F0F293-E2FB-47BC-9F3A-DE638399B8FF}.Debug|Any CPU.Build.0 = Debug|Any CPU
		{82F0F293-E2FB-47BC-9F3A-DE638399B8FF}.Release|Any CPU.ActiveCfg = Release|Any CPU
		{82F0F293-E2FB-47BC-9F3A-DE638399B8FF}.Release|Any CPU.Build.0 = Release|Any CPU
		{7351BA01-1401-4EFC-89CA-9222F9BAB07B}.Debug|Any CPU.ActiveCfg = Debug|Any CPU
		{7351BA01-1401-4EFC-89CA-9222F9BAB07B}.Debug|Any CPU.Build.0 = Debug|Any CPU
		{7351BA01-1401-4EFC-89CA-9222F9BAB07B}.Release|Any CPU.ActiveCfg = Release|Any CPU
		{7351BA01-1401-4EFC-89CA-9222F9BAB07B}.Release|Any CPU.Build.0 = Release|Any CPU
		{5BD13399-5DF8-4C66-B411-F7726BEB9F3F}.Debug|Any CPU.ActiveCfg = Debug|Any CPU
		{5BD13399-5DF8-4C66-B411-F7726BEB9F3F}.Debug|Any CPU.Build.0 = Debug|Any CPU
		{5BD13399-5DF8-4C66-B411-F7726BEB9F3F}.Release|Any CPU.ActiveCfg = Release|Any CPU
		{5BD13399-5DF8-4C66-B411-F7726BEB9F3F}.Release|Any CPU.Build.0 = Release|Any CPU
		{3254C3DF-C4CC-467B-84CE-468D92188F9A}.Debug|Any CPU.ActiveCfg = Debug|Any CPU
		{3254C3DF-C4CC-467B-84CE-468D92188F9A}.Debug|Any CPU.Build.0 = Debug|Any CPU
		{3254C3DF-C4CC-467B-84CE-468D92188F9A}.Release|Any CPU.ActiveCfg = Release|Any CPU
		{3254C3DF-C4CC-467B-84CE-468D92188F9A}.Release|Any CPU.Build.0 = Release|Any CPU
		{831A6D73-67B8-4357-BDDE-61401BC1E4AA}.Debug|Any CPU.ActiveCfg = Debug|Any CPU
		{831A6D73-67B8-4357-BDDE-61401BC1E4AA}.Debug|Any CPU.Build.0 = Debug|Any CPU
		{831A6D73-67B8-4357-BDDE-61401BC1E4AA}.Release|Any CPU.ActiveCfg = Release|Any CPU
		{831A6D73-67B8-4357-BDDE-61401BC1E4AA}.Release|Any CPU.Build.0 = Release|Any CPU
		{D0443200-6B65-4877-A92E-FBB6FB73D3CD}.Debug|Any CPU.ActiveCfg = Debug|Any CPU
		{D0443200-6B65-4877-A92E-FBB6FB73D3CD}.Debug|Any CPU.Build.0 = Debug|Any CPU
		{D0443200-6B65-4877-A92E-FBB6FB73D3CD}.Release|Any CPU.ActiveCfg = Release|Any CPU
		{D0443200-6B65-4877-A92E-FBB6FB73D3CD}.Release|Any CPU.Build.0 = Release|Any CPU
		{F166BE60-55C4-472D-9E38-6D639EAEB09A}.Debug|Any CPU.ActiveCfg = Debug|Any CPU
		{F166BE60-55C4-472D-9E38-6D639EAEB09A}.Debug|Any CPU.Build.0 = Debug|Any CPU
		{F166BE60-55C4-472D-9E38-6D639EAEB09A}.Release|Any CPU.ActiveCfg = Release|Any CPU
		{F166BE60-55C4-472D-9E38-6D639EAEB09A}.Release|Any CPU.Build.0 = Release|Any CPU
		{2CC149D6-795A-4517-941B-F6A5271A58C7}.Debug|Any CPU.ActiveCfg = Debug|Any CPU
		{2CC149D6-795A-4517-941B-F6A5271A58C7}.Debug|Any CPU.Build.0 = Debug|Any CPU
		{2CC149D6-795A-4517-941B-F6A5271A58C7}.Release|Any CPU.ActiveCfg = Release|Any CPU
		{2CC149D6-795A-4517-941B-F6A5271A58C7}.Release|Any CPU.Build.0 = Release|Any CPU
		{5495B956-74BE-400A-B910-5865D04A661F}.Debug|Any CPU.ActiveCfg = Debug|Any CPU
		{5495B956-74BE-400A-B910-5865D04A661F}.Debug|Any CPU.Build.0 = Debug|Any CPU
		{5495B956-74BE-400A-B910-5865D04A661F}.Release|Any CPU.ActiveCfg = Release|Any CPU
		{5495B956-74BE-400A-B910-5865D04A661F}.Release|Any CPU.Build.0 = Release|Any CPU
		{48CD0576-4D13-4309-A37B-B501CEDB2769}.Debug|Any CPU.ActiveCfg = Debug|Any CPU
		{48CD0576-4D13-4309-A37B-B501CEDB2769}.Debug|Any CPU.Build.0 = Debug|Any CPU
		{48CD0576-4D13-4309-A37B-B501CEDB2769}.Release|Any CPU.ActiveCfg = Release|Any CPU
		{48CD0576-4D13-4309-A37B-B501CEDB2769}.Release|Any CPU.Build.0 = Release|Any CPU
	EndGlobalSection
	GlobalSection(SolutionProperties) = preSolution
		HideSolutionNode = FALSE
	EndGlobalSection
	GlobalSection(NestedProjects) = preSolution
		{E4B6F70A-4A62-403F-BC5B-0B7C54F66C63} = {55BE67C7-E649-47A0-ABE5-ABC4B89A5390}
		{82F0F293-E2FB-47BC-9F3A-DE638399B8FF} = {8F294C53-FF28-4D8E-98E3-03C97957578C}
		{7351BA01-1401-4EFC-89CA-9222F9BAB07B} = {D3CE03FA-4AD7-48CC-9DEC-5FB7B2988F39}
		{5BD13399-5DF8-4C66-B411-F7726BEB9F3F} = {A2503DD7-E1B2-4322-A575-54EBEACA40C4}
		{3254C3DF-C4CC-467B-84CE-468D92188F9A} = {A2503DD7-E1B2-4322-A575-54EBEACA40C4}
		{831A6D73-67B8-4357-BDDE-61401BC1E4AA} = {4B0B8D2B-3E76-48DD-B519-D8FF94129342}
		{D0443200-6B65-4877-A92E-FBB6FB73D3CD} = {A2503DD7-E1B2-4322-A575-54EBEACA40C4}
		{A2503DD7-E1B2-4322-A575-54EBEACA40C4} = {D3CE03FA-4AD7-48CC-9DEC-5FB7B2988F39}
		{F166BE60-55C4-472D-9E38-6D639EAEB09A} = {A2503DD7-E1B2-4322-A575-54EBEACA40C4}
		{2CC149D6-795A-4517-941B-F6A5271A58C7} = {4B0B8D2B-3E76-48DD-B519-D8FF94129342}
		{8F294C53-FF28-4D8E-98E3-03C97957578C} = {D3CE03FA-4AD7-48CC-9DEC-5FB7B2988F39}
		{CD4D5CBC-D5A2-40F3-B4B0-8B5D0FDE5698} = {D3CE03FA-4AD7-48CC-9DEC-5FB7B2988F39}
		{5495B956-74BE-400A-B910-5865D04A661F} = {CD4D5CBC-D5A2-40F3-B4B0-8B5D0FDE5698}
		{48CD0576-4D13-4309-A37B-B501CEDB2769} = {CD4D5CBC-D5A2-40F3-B4B0-8B5D0FDE5698}
	EndGlobalSection
	GlobalSection(ExtensibilityGlobals) = postSolution
		SolutionGuid = {9709618A-0455-42C2-824F-2740DD6EA866}
	EndGlobalSection
EndGlobal
