
Microsoft Visual Studio Solution File, Format Version 12.00
# Visual Studio 14
VisualStudioVersion = 14.0.25420.1
MinimumVisualStudioVersion = 10.0.40219.1
Project("{FAE04EC0-301F-11D3-BF4B-00C04F79EFBC}") = "TNT", "TNT\TNT.csproj", "{E1613910-06B6-4C28-8900-87F0C9793DFF}"
EndProject
Project("{FAE04EC0-301F-11D3-BF4B-00C04F79EFBC}") = "TNT.Tests", "TNT.Tests\TNT.Tests.csproj", "{72682753-7C32-428E-A3E3-3A3B29AF4EF4}"
EndProject
Project("{2150E333-8FDC-42A3-9474-1A3956D46DE8}") = "Examples", "Examples", "{619F687B-4B17-43A7-B1BF-BDB16C4075FE}"
EndProject
Project("{FAE04EC0-301F-11D3-BF4B-00C04F79EFBC}") = "TNT.IntergrationTests", "TNT.IntergrationTests\TNT.IntergrationTests.csproj", "{50F0CC5A-509C-425F-A681-F5F5AB4D4679}"
EndProject
Project("{2150E333-8FDC-42A3-9474-1A3956D46DE8}") = "SpeedTest", "SpeedTest", "{AE64DD7F-7ECB-4945-93DF-6859F4EAC5E9}"
EndProject
Project("{FAE04EC0-301F-11D3-BF4B-00C04F79EFBC}") = "TNT.LocalSpeedTest", "TNT.LocalSpeedTest\TNT.LocalSpeedTest.csproj", "{BAD4CCAB-11C5-4557-AD6A-6AAB42F6D186}"
EndProject
Project("{FAE04EC0-301F-11D3-BF4B-00C04F79EFBC}") = "TNT.SpeedTest", "TNT.SpeedTest\TNT.SpeedTest.csproj", "{65BE04C4-E0D7-4E5F-A065-EB20D7900C0F}"
EndProject
Project("{FAE04EC0-301F-11D3-BF4B-00C04F79EFBC}") = "TNT.SpeedTest.Server", "TNT.SpeedTest.Server\TNT.SpeedTest.Server.csproj", "{B77531AE-98F5-49B1-A705-162D6FA9C16B}"
EndProject
Project("{FAE04EC0-301F-11D3-BF4B-00C04F79EFBC}") = "TNT.SpeedTest.TestClient", "TNT.SpeedTest.TestClient\TNT.SpeedTest.TestClient.csproj", "{FF554732-E8E3-4297-A970-11FFE20066DB}"
EndProject
Project("{FAE04EC0-301F-11D3-BF4B-00C04F79EFBC}") = "Example", "Example\Example.csproj", "{2F3FC660-2B29-4031-BAF0-C8DB38AADC45}"
EndProject
Global
	GlobalSection(SolutionConfigurationPlatforms) = preSolution
		Debug|Any CPU = Debug|Any CPU
		Release|Any CPU = Release|Any CPU
	EndGlobalSection
	GlobalSection(ProjectConfigurationPlatforms) = postSolution
		{E1613910-06B6-4C28-8900-87F0C9793DFF}.Debug|Any CPU.ActiveCfg = Debug|Any CPU
		{E1613910-06B6-4C28-8900-87F0C9793DFF}.Debug|Any CPU.Build.0 = Debug|Any CPU
		{E1613910-06B6-4C28-8900-87F0C9793DFF}.Release|Any CPU.ActiveCfg = Release|Any CPU
		{E1613910-06B6-4C28-8900-87F0C9793DFF}.Release|Any CPU.Build.0 = Release|Any CPU
		{72682753-7C32-428E-A3E3-3A3B29AF4EF4}.Debug|Any CPU.ActiveCfg = Debug|Any CPU
		{72682753-7C32-428E-A3E3-3A3B29AF4EF4}.Debug|Any CPU.Build.0 = Debug|Any CPU
		{72682753-7C32-428E-A3E3-3A3B29AF4EF4}.Release|Any CPU.ActiveCfg = Release|Any CPU
		{72682753-7C32-428E-A3E3-3A3B29AF4EF4}.Release|Any CPU.Build.0 = Release|Any CPU
		{50F0CC5A-509C-425F-A681-F5F5AB4D4679}.Debug|Any CPU.ActiveCfg = Debug|Any CPU
		{50F0CC5A-509C-425F-A681-F5F5AB4D4679}.Debug|Any CPU.Build.0 = Debug|Any CPU
		{50F0CC5A-509C-425F-A681-F5F5AB4D4679}.Release|Any CPU.ActiveCfg = Release|Any CPU
		{50F0CC5A-509C-425F-A681-F5F5AB4D4679}.Release|Any CPU.Build.0 = Release|Any CPU
		{BAD4CCAB-11C5-4557-AD6A-6AAB42F6D186}.Debug|Any CPU.ActiveCfg = Debug|Any CPU
		{BAD4CCAB-11C5-4557-AD6A-6AAB42F6D186}.Debug|Any CPU.Build.0 = Debug|Any CPU
		{BAD4CCAB-11C5-4557-AD6A-6AAB42F6D186}.Release|Any CPU.ActiveCfg = Release|Any CPU
		{BAD4CCAB-11C5-4557-AD6A-6AAB42F6D186}.Release|Any CPU.Build.0 = Release|Any CPU
		{65BE04C4-E0D7-4E5F-A065-EB20D7900C0F}.Debug|Any CPU.ActiveCfg = Debug|Any CPU
		{65BE04C4-E0D7-4E5F-A065-EB20D7900C0F}.Debug|Any CPU.Build.0 = Debug|Any CPU
		{65BE04C4-E0D7-4E5F-A065-EB20D7900C0F}.Release|Any CPU.ActiveCfg = Release|Any CPU
		{65BE04C4-E0D7-4E5F-A065-EB20D7900C0F}.Release|Any CPU.Build.0 = Release|Any CPU
		{B77531AE-98F5-49B1-A705-162D6FA9C16B}.Debug|Any CPU.ActiveCfg = Debug|Any CPU
		{B77531AE-98F5-49B1-A705-162D6FA9C16B}.Debug|Any CPU.Build.0 = Debug|Any CPU
		{B77531AE-98F5-49B1-A705-162D6FA9C16B}.Release|Any CPU.ActiveCfg = Release|Any CPU
		{B77531AE-98F5-49B1-A705-162D6FA9C16B}.Release|Any CPU.Build.0 = Release|Any CPU
		{FF554732-E8E3-4297-A970-11FFE20066DB}.Debug|Any CPU.ActiveCfg = Debug|Any CPU
		{FF554732-E8E3-4297-A970-11FFE20066DB}.Debug|Any CPU.Build.0 = Debug|Any CPU
		{FF554732-E8E3-4297-A970-11FFE20066DB}.Release|Any CPU.ActiveCfg = Release|Any CPU
		{FF554732-E8E3-4297-A970-11FFE20066DB}.Release|Any CPU.Build.0 = Release|Any CPU
		{2F3FC660-2B29-4031-BAF0-C8DB38AADC45}.Debug|Any CPU.ActiveCfg = Debug|Any CPU
		{2F3FC660-2B29-4031-BAF0-C8DB38AADC45}.Debug|Any CPU.Build.0 = Debug|Any CPU
		{2F3FC660-2B29-4031-BAF0-C8DB38AADC45}.Release|Any CPU.ActiveCfg = Release|Any CPU
		{2F3FC660-2B29-4031-BAF0-C8DB38AADC45}.Release|Any CPU.Build.0 = Release|Any CPU
	EndGlobalSection
	GlobalSection(SolutionProperties) = preSolution
		HideSolutionNode = FALSE
	EndGlobalSection
	GlobalSection(NestedProjects) = preSolution
		{BAD4CCAB-11C5-4557-AD6A-6AAB42F6D186} = {AE64DD7F-7ECB-4945-93DF-6859F4EAC5E9}
		{65BE04C4-E0D7-4E5F-A065-EB20D7900C0F} = {AE64DD7F-7ECB-4945-93DF-6859F4EAC5E9}
		{B77531AE-98F5-49B1-A705-162D6FA9C16B} = {AE64DD7F-7ECB-4945-93DF-6859F4EAC5E9}
		{FF554732-E8E3-4297-A970-11FFE20066DB} = {AE64DD7F-7ECB-4945-93DF-6859F4EAC5E9}
		{2F3FC660-2B29-4031-BAF0-C8DB38AADC45} = {619F687B-4B17-43A7-B1BF-BDB16C4075FE}
	EndGlobalSection
EndGlobal
